// !$*UTF8*$!
{
	archiveVersion = 1;
	classes = {
	};
	objectVersion = 50;
	objects = {

/* Begin PBXBuildFile section */
		D1E4D71421D657F600309E5E /* AppDelegate.m in Sources */ = {isa = PBXBuildFile; fileRef = D1E4D71321D657F600309E5E /* AppDelegate.m */; };
		D1E4D71A21D657F600309E5E /* Main.storyboard in Resources */ = {isa = PBXBuildFile; fileRef = D1E4D71821D657F600309E5E /* Main.storyboard */; };
		D1E4D71C21D657F800309E5E /* Assets.xcassets in Resources */ = {isa = PBXBuildFile; fileRef = D1E4D71B21D657F800309E5E /* Assets.xcassets */; };
		D1E4D71F21D657F800309E5E /* LaunchScreen.storyboard in Resources */ = {isa = PBXBuildFile; fileRef = D1E4D71D21D657F800309E5E /* LaunchScreen.storyboard */; };
		D1E4D72221D657F800309E5E /* main.m in Sources */ = {isa = PBXBuildFile; fileRef = D1E4D72121D657F800309E5E /* main.m */; };
		D1E4D72C21D657F800309E5E /* BuDeJieTests.m in Sources */ = {isa = PBXBuildFile; fileRef = D1E4D72B21D657F800309E5E /* BuDeJieTests.m */; };
		D1E4D73721D657F800309E5E /* BuDeJieUITests.m in Sources */ = {isa = PBXBuildFile; fileRef = D1E4D73621D657F800309E5E /* BuDeJieUITests.m */; };
		D1E4D75C21D6714C00309E5E /* LCEssenceViewController.m in Sources */ = {isa = PBXBuildFile; fileRef = D1E4D75B21D6714C00309E5E /* LCEssenceViewController.m */; };
		D1E4D76221D6726800309E5E /* LCFriendTrendViewController.m in Sources */ = {isa = PBXBuildFile; fileRef = D1E4D76121D6726800309E5E /* LCFriendTrendViewController.m */; };
		D1E4D76521D6727600309E5E /* LCPublishViewController.m in Sources */ = {isa = PBXBuildFile; fileRef = D1E4D76421D6727600309E5E /* LCPublishViewController.m */; };
		D1E4D76821D6728400309E5E /* LCNewViewController.m in Sources */ = {isa = PBXBuildFile; fileRef = D1E4D76721D6728400309E5E /* LCNewViewController.m */; };
		D1E4D76B21D6729F00309E5E /* LCMeViewController.m in Sources */ = {isa = PBXBuildFile; fileRef = D1E4D76A21D6729F00309E5E /* LCMeViewController.m */; };
		D1E4D77221D8680100309E5E /* LCTabBarController.m in Sources */ = {isa = PBXBuildFile; fileRef = D1E4D77121D8680100309E5E /* LCTabBarController.m */; };
		D1E4D77921D8762700309E5E /* UIImage+Image.m in Sources */ = {isa = PBXBuildFile; fileRef = D1E4D77821D8762700309E5E /* UIImage+Image.m */; };
		D1E4D79821E1B39400309E5E /* LCTabBar.m in Sources */ = {isa = PBXBuildFile; fileRef = D1E4D79721E1B39400309E5E /* LCTabBar.m */; };
		D1E4D79B21E1F3D200309E5E /* UIView+Frame.m in Sources */ = {isa = PBXBuildFile; fileRef = D1E4D79A21E1F3D200309E5E /* UIView+Frame.m */; };
		D1E4D79F21E2208E00309E5E /* UIBarButtonItem+Item.m in Sources */ = {isa = PBXBuildFile; fileRef = D1E4D79E21E2208E00309E5E /* UIBarButtonItem+Item.m */; };
/* End PBXBuildFile section */

/* Begin PBXContainerItemProxy section */
		D1E4D72821D657F800309E5E /* PBXContainerItemProxy */ = {
			isa = PBXContainerItemProxy;
			containerPortal = D1E4D70721D657F600309E5E /* Project object */;
			proxyType = 1;
			remoteGlobalIDString = D1E4D70E21D657F600309E5E;
			remoteInfo = BuDeJie;
		};
		D1E4D73321D657F800309E5E /* PBXContainerItemProxy */ = {
			isa = PBXContainerItemProxy;
			containerPortal = D1E4D70721D657F600309E5E /* Project object */;
			proxyType = 1;
			remoteGlobalIDString = D1E4D70E21D657F600309E5E;
			remoteInfo = BuDeJie;
		};
/* End PBXContainerItemProxy section */

/* Begin PBXFileReference section */
		D1E4D70F21D657F600309E5E /* BuDeJie.app */ = {isa = PBXFileReference; explicitFileType = wrapper.application; includeInIndex = 0; path = BuDeJie.app; sourceTree = BUILT_PRODUCTS_DIR; };
		D1E4D71221D657F600309E5E /* AppDelegate.h */ = {isa = PBXFileReference; lastKnownFileType = sourcecode.c.h; path = AppDelegate.h; sourceTree = "<group>"; };
		D1E4D71321D657F600309E5E /* AppDelegate.m */ = {isa = PBXFileReference; lastKnownFileType = sourcecode.c.objc; path = AppDelegate.m; sourceTree = "<group>"; };
		D1E4D71921D657F600309E5E /* Base */ = {isa = PBXFileReference; lastKnownFileType = file.storyboard; name = Base; path = Base.lproj/Main.storyboard; sourceTree = "<group>"; };
		D1E4D71B21D657F800309E5E /* Assets.xcassets */ = {isa = PBXFileReference; lastKnownFileType = folder.assetcatalog; path = Assets.xcassets; sourceTree = "<group>"; };
		D1E4D71E21D657F800309E5E /* Base */ = {isa = PBXFileReference; lastKnownFileType = file.storyboard; name = Base; path = Base.lproj/LaunchScreen.storyboard; sourceTree = "<group>"; };
		D1E4D72021D657F800309E5E /* Info.plist */ = {isa = PBXFileReference; lastKnownFileType = text.plist.xml; path = Info.plist; sourceTree = "<group>"; };
		D1E4D72121D657F800309E5E /* main.m */ = {isa = PBXFileReference; lastKnownFileType = sourcecode.c.objc; path = main.m; sourceTree = "<group>"; };
		D1E4D72721D657F800309E5E /* BuDeJieTests.xctest */ = {isa = PBXFileReference; explicitFileType = wrapper.cfbundle; includeInIndex = 0; path = BuDeJieTests.xctest; sourceTree = BUILT_PRODUCTS_DIR; };
		D1E4D72B21D657F800309E5E /* BuDeJieTests.m */ = {isa = PBXFileReference; lastKnownFileType = sourcecode.c.objc; path = BuDeJieTests.m; sourceTree = "<group>"; };
		D1E4D72D21D657F800309E5E /* Info.plist */ = {isa = PBXFileReference; lastKnownFileType = text.plist.xml; path = Info.plist; sourceTree = "<group>"; };
		D1E4D73221D657F800309E5E /* BuDeJieUITests.xctest */ = {isa = PBXFileReference; explicitFileType = wrapper.cfbundle; includeInIndex = 0; path = BuDeJieUITests.xctest; sourceTree = BUILT_PRODUCTS_DIR; };
		D1E4D73621D657F800309E5E /* BuDeJieUITests.m */ = {isa = PBXFileReference; lastKnownFileType = sourcecode.c.objc; path = BuDeJieUITests.m; sourceTree = "<group>"; };
		D1E4D73821D657F800309E5E /* Info.plist */ = {isa = PBXFileReference; lastKnownFileType = text.plist.xml; path = Info.plist; sourceTree = "<group>"; };
		D1E4D75A21D6714C00309E5E /* LCEssenceViewController.h */ = {isa = PBXFileReference; lastKnownFileType = sourcecode.c.h; path = LCEssenceViewController.h; sourceTree = "<group>"; };
		D1E4D75B21D6714C00309E5E /* LCEssenceViewController.m */ = {isa = PBXFileReference; lastKnownFileType = sourcecode.c.objc; path = LCEssenceViewController.m; sourceTree = "<group>"; };
		D1E4D76021D6726800309E5E /* LCFriendTrendViewController.h */ = {isa = PBXFileReference; lastKnownFileType = sourcecode.c.h; path = LCFriendTrendViewController.h; sourceTree = "<group>"; };
		D1E4D76121D6726800309E5E /* LCFriendTrendViewController.m */ = {isa = PBXFileReference; lastKnownFileType = sourcecode.c.objc; path = LCFriendTrendViewController.m; sourceTree = "<group>"; };
		D1E4D76321D6727600309E5E /* LCPublishViewController.h */ = {isa = PBXFileReference; lastKnownFileType = sourcecode.c.h; path = LCPublishViewController.h; sourceTree = "<group>"; };
		D1E4D76421D6727600309E5E /* LCPublishViewController.m */ = {isa = PBXFileReference; lastKnownFileType = sourcecode.c.objc; path = LCPublishViewController.m; sourceTree = "<group>"; };
		D1E4D76621D6728400309E5E /* LCNewViewController.h */ = {isa = PBXFileReference; lastKnownFileType = sourcecode.c.h; path = LCNewViewController.h; sourceTree = "<group>"; };
		D1E4D76721D6728400309E5E /* LCNewViewController.m */ = {isa = PBXFileReference; lastKnownFileType = sourcecode.c.objc; path = LCNewViewController.m; sourceTree = "<group>"; };
		D1E4D76921D6729F00309E5E /* LCMeViewController.h */ = {isa = PBXFileReference; lastKnownFileType = sourcecode.c.h; path = LCMeViewController.h; sourceTree = "<group>"; };
		D1E4D76A21D6729F00309E5E /* LCMeViewController.m */ = {isa = PBXFileReference; lastKnownFileType = sourcecode.c.objc; path = LCMeViewController.m; sourceTree = "<group>"; };
		D1E4D77021D8680100309E5E /* LCTabBarController.h */ = {isa = PBXFileReference; lastKnownFileType = sourcecode.c.h; path = LCTabBarController.h; sourceTree = "<group>"; };
		D1E4D77121D8680100309E5E /* LCTabBarController.m */ = {isa = PBXFileReference; lastKnownFileType = sourcecode.c.objc; path = LCTabBarController.m; sourceTree = "<group>"; };
		D1E4D77721D8762700309E5E /* UIImage+Image.h */ = {isa = PBXFileReference; lastKnownFileType = sourcecode.c.h; path = "UIImage+Image.h"; sourceTree = "<group>"; };
		D1E4D77821D8762700309E5E /* UIImage+Image.m */ = {isa = PBXFileReference; lastKnownFileType = sourcecode.c.objc; path = "UIImage+Image.m"; sourceTree = "<group>"; };
		D1E4D79621E1B39400309E5E /* LCTabBar.h */ = {isa = PBXFileReference; lastKnownFileType = sourcecode.c.h; path = LCTabBar.h; sourceTree = "<group>"; };
		D1E4D79721E1B39400309E5E /* LCTabBar.m */ = {isa = PBXFileReference; lastKnownFileType = sourcecode.c.objc; path = LCTabBar.m; sourceTree = "<group>"; };
		D1E4D79921E1F3D200309E5E /* UIView+Frame.h */ = {isa = PBXFileReference; lastKnownFileType = sourcecode.c.h; path = "UIView+Frame.h"; sourceTree = "<group>"; };
		D1E4D79A21E1F3D200309E5E /* UIView+Frame.m */ = {isa = PBXFileReference; lastKnownFileType = sourcecode.c.objc; path = "UIView+Frame.m"; sourceTree = "<group>"; };
		D1E4D79C21E1F69C00309E5E /* BuDeJie-PrefixHeader.pch */ = {isa = PBXFileReference; lastKnownFileType = sourcecode.c.h; path = "BuDeJie-PrefixHeader.pch"; sourceTree = "<group>"; };
		D1E4D79D21E2208E00309E5E /* UIBarButtonItem+Item.h */ = {isa = PBXFileReference; lastKnownFileType = sourcecode.c.h; path = "UIBarButtonItem+Item.h"; sourceTree = "<group>"; };
		D1E4D79E21E2208E00309E5E /* UIBarButtonItem+Item.m */ = {isa = PBXFileReference; lastKnownFileType = sourcecode.c.objc; path = "UIBarButtonItem+Item.m"; sourceTree = "<group>"; };
/* End PBXFileReference section */

/* Begin PBXFrameworksBuildPhase section */
		D1E4D70C21D657F600309E5E /* Frameworks */ = {
			isa = PBXFrameworksBuildPhase;
			buildActionMask = 2147483647;
			files = (
			);
			runOnlyForDeploymentPostprocessing = 0;
		};
		D1E4D72421D657F800309E5E /* Frameworks */ = {
			isa = PBXFrameworksBuildPhase;
			buildActionMask = 2147483647;
			files = (
			);
			runOnlyForDeploymentPostprocessing = 0;
		};
		D1E4D72F21D657F800309E5E /* Frameworks */ = {
			isa = PBXFrameworksBuildPhase;
			buildActionMask = 2147483647;
			files = (
			);
			runOnlyForDeploymentPostprocessing = 0;
		};
/* End PBXFrameworksBuildPhase section */

/* Begin PBXGroup section */
		D1E4D70621D657F600309E5E = {
			isa = PBXGroup;
			children = (
				D1E4D71121D657F600309E5E /* BuDeJie */,
				D1E4D72A21D657F800309E5E /* BuDeJieTests */,
				D1E4D73521D657F800309E5E /* BuDeJieUITests */,
				D1E4D71021D657F600309E5E /* Products */,
			);
			sourceTree = "<group>";
		};
		D1E4D71021D657F600309E5E /* Products */ = {
			isa = PBXGroup;
			children = (
				D1E4D70F21D657F600309E5E /* BuDeJie.app */,
				D1E4D72721D657F800309E5E /* BuDeJieTests.xctest */,
				D1E4D73221D657F800309E5E /* BuDeJieUITests.xctest */,
			);
			name = Products;
			sourceTree = "<group>";
		};
		D1E4D71121D657F600309E5E /* BuDeJie */ = {
			isa = PBXGroup;
			children = (
				D1E4D74421D6709700309E5E /* Classes */,
				D1E4D71821D657F600309E5E /* Main.storyboard */,
				D1E4D71B21D657F800309E5E /* Assets.xcassets */,
				D1E4D71D21D657F800309E5E /* LaunchScreen.storyboard */,
				D1E4D72021D657F800309E5E /* Info.plist */,
			);
			path = BuDeJie;
			sourceTree = "<group>";
		};
		D1E4D72A21D657F800309E5E /* BuDeJieTests */ = {
			isa = PBXGroup;
			children = (
				D1E4D72B21D657F800309E5E /* BuDeJieTests.m */,
				D1E4D72D21D657F800309E5E /* Info.plist */,
			);
			path = BuDeJieTests;
			sourceTree = "<group>";
		};
		D1E4D73521D657F800309E5E /* BuDeJieUITests */ = {
			isa = PBXGroup;
			children = (
				D1E4D73621D657F800309E5E /* BuDeJieUITests.m */,
				D1E4D73821D657F800309E5E /* Info.plist */,
			);
			path = BuDeJieUITests;
			sourceTree = "<group>";
		};
		D1E4D74421D6709700309E5E /* Classes */ = {
			isa = PBXGroup;
			children = (
				D1E4D76C21D867DA00309E5E /* Main */,
				D1E4D74A21D6709700309E5E /* Essence */,
				D1E4D75621D6709700309E5E /* FriendTrend */,
				D1E4D74621D6709700309E5E /* Publish */,
				D1E4D75221D6709700309E5E /* New */,
				D1E4D74E21D6709700309E5E /* Me */,
				D1E4D74521D6709700309E5E /* Other */,
			);
			path = Classes;
			sourceTree = "<group>";
		};
		D1E4D74521D6709700309E5E /* Other */ = {
			isa = PBXGroup;
			children = (
				D1E4D77321D875CB00309E5E /* Category */,
				D1E4D71221D657F600309E5E /* AppDelegate.h */,
				D1E4D71321D657F600309E5E /* AppDelegate.m */,
				D1E4D72121D657F800309E5E /* main.m */,
				D1E4D79C21E1F69C00309E5E /* BuDeJie-PrefixHeader.pch */,
			);
			path = Other;
			sourceTree = "<group>";
		};
		D1E4D74621D6709700309E5E /* Publish */ = {
			isa = PBXGroup;
			children = (
				D1E4D74721D6709700309E5E /* Controller */,
				D1E4D74821D6709700309E5E /* Model */,
				D1E4D74921D6709700309E5E /* View */,
			);
			path = Publish;
			sourceTree = "<group>";
		};
		D1E4D74721D6709700309E5E /* Controller */ = {
			isa = PBXGroup;
			children = (
				D1E4D76321D6727600309E5E /* LCPublishViewController.h */,
				D1E4D76421D6727600309E5E /* LCPublishViewController.m */,
			);
			path = Controller;
			sourceTree = "<group>";
		};
		D1E4D74821D6709700309E5E /* Model */ = {
			isa = PBXGroup;
			children = (
			);
			path = Model;
			sourceTree = "<group>";
		};
		D1E4D74921D6709700309E5E /* View */ = {
			isa = PBXGroup;
			children = (
			);
			path = View;
			sourceTree = "<group>";
		};
		D1E4D74A21D6709700309E5E /* Essence */ = {
			isa = PBXGroup;
			children = (
				D1E4D74B21D6709700309E5E /* Controller */,
				D1E4D74C21D6709700309E5E /* Model */,
				D1E4D74D21D6709700309E5E /* View */,
			);
			path = Essence;
			sourceTree = "<group>";
		};
		D1E4D74B21D6709700309E5E /* Controller */ = {
			isa = PBXGroup;
			children = (
				D1E4D75A21D6714C00309E5E /* LCEssenceViewController.h */,
				D1E4D75B21D6714C00309E5E /* LCEssenceViewController.m */,
			);
			path = Controller;
			sourceTree = "<group>";
		};
		D1E4D74C21D6709700309E5E /* Model */ = {
			isa = PBXGroup;
			children = (
			);
			path = Model;
			sourceTree = "<group>";
		};
		D1E4D74D21D6709700309E5E /* View */ = {
			isa = PBXGroup;
			children = (
			);
			path = View;
			sourceTree = "<group>";
		};
		D1E4D74E21D6709700309E5E /* Me */ = {
			isa = PBXGroup;
			children = (
				D1E4D74F21D6709700309E5E /* Controller */,
				D1E4D75021D6709700309E5E /* Model */,
				D1E4D75121D6709700309E5E /* View */,
			);
			path = Me;
			sourceTree = "<group>";
		};
		D1E4D74F21D6709700309E5E /* Controller */ = {
			isa = PBXGroup;
			children = (
				D1E4D76921D6729F00309E5E /* LCMeViewController.h */,
				D1E4D76A21D6729F00309E5E /* LCMeViewController.m */,
			);
			path = Controller;
			sourceTree = "<group>";
		};
		D1E4D75021D6709700309E5E /* Model */ = {
			isa = PBXGroup;
			children = (
			);
			path = Model;
			sourceTree = "<group>";
		};
		D1E4D75121D6709700309E5E /* View */ = {
			isa = PBXGroup;
			children = (
			);
			path = View;
			sourceTree = "<group>";
		};
		D1E4D75221D6709700309E5E /* New */ = {
			isa = PBXGroup;
			children = (
				D1E4D75321D6709700309E5E /* Controller */,
				D1E4D75421D6709700309E5E /* Model */,
				D1E4D75521D6709700309E5E /* View */,
			);
			path = New;
			sourceTree = "<group>";
		};
		D1E4D75321D6709700309E5E /* Controller */ = {
			isa = PBXGroup;
			children = (
				D1E4D76621D6728400309E5E /* LCNewViewController.h */,
				D1E4D76721D6728400309E5E /* LCNewViewController.m */,
			);
			path = Controller;
			sourceTree = "<group>";
		};
		D1E4D75421D6709700309E5E /* Model */ = {
			isa = PBXGroup;
			children = (
			);
			path = Model;
			sourceTree = "<group>";
		};
		D1E4D75521D6709700309E5E /* View */ = {
			isa = PBXGroup;
			children = (
			);
			path = View;
			sourceTree = "<group>";
		};
		D1E4D75621D6709700309E5E /* FriendTrend */ = {
			isa = PBXGroup;
			children = (
				D1E4D75721D6709700309E5E /* Controller */,
				D1E4D75821D6709700309E5E /* Model */,
				D1E4D75921D6709700309E5E /* View */,
			);
			path = FriendTrend;
			sourceTree = "<group>";
		};
		D1E4D75721D6709700309E5E /* Controller */ = {
			isa = PBXGroup;
			children = (
				D1E4D76021D6726800309E5E /* LCFriendTrendViewController.h */,
				D1E4D76121D6726800309E5E /* LCFriendTrendViewController.m */,
			);
			path = Controller;
			sourceTree = "<group>";
		};
		D1E4D75821D6709700309E5E /* Model */ = {
			isa = PBXGroup;
			children = (
			);
			path = Model;
			sourceTree = "<group>";
		};
		D1E4D75921D6709700309E5E /* View */ = {
			isa = PBXGroup;
			children = (
			);
			path = View;
			sourceTree = "<group>";
		};
		D1E4D76C21D867DA00309E5E /* Main */ = {
			isa = PBXGroup;
			children = (
				D1E4D76D21D867DA00309E5E /* Controller */,
				D1E4D76E21D867DA00309E5E /* Model */,
				D1E4D76F21D867DA00309E5E /* View */,
			);
			path = Main;
			sourceTree = "<group>";
		};
		D1E4D76D21D867DA00309E5E /* Controller */ = {
			isa = PBXGroup;
			children = (
				D1E4D77021D8680100309E5E /* LCTabBarController.h */,
				D1E4D77121D8680100309E5E /* LCTabBarController.m */,
			);
			path = Controller;
			sourceTree = "<group>";
		};
		D1E4D76E21D867DA00309E5E /* Model */ = {
			isa = PBXGroup;
			children = (
			);
			path = Model;
			sourceTree = "<group>";
		};
		D1E4D76F21D867DA00309E5E /* View */ = {
			isa = PBXGroup;
			children = (
				D1E4D79621E1B39400309E5E /* LCTabBar.h */,
				D1E4D79721E1B39400309E5E /* LCTabBar.m */,
			);
			path = View;
			sourceTree = "<group>";
		};
		D1E4D77321D875CB00309E5E /* Category */ = {
			isa = PBXGroup;
			children = (
				D1E4D77721D8762700309E5E /* UIImage+Image.h */,
				D1E4D77821D8762700309E5E /* UIImage+Image.m */,
				D1E4D79921E1F3D200309E5E /* UIView+Frame.h */,
				D1E4D79A21E1F3D200309E5E /* UIView+Frame.m */,
				D1E4D79D21E2208E00309E5E /* UIBarButtonItem+Item.h */,
				D1E4D79E21E2208E00309E5E /* UIBarButtonItem+Item.m */,
			);
			path = Category;
			sourceTree = "<group>";
		};
/* End PBXGroup section */

/* Begin PBXNativeTarget section */
		D1E4D70E21D657F600309E5E /* BuDeJie */ = {
			isa = PBXNativeTarget;
			buildConfigurationList = D1E4D73B21D657F800309E5E /* Build configuration list for PBXNativeTarget "BuDeJie" */;
			buildPhases = (
				D1E4D70B21D657F600309E5E /* Sources */,
				D1E4D70C21D657F600309E5E /* Frameworks */,
				D1E4D70D21D657F600309E5E /* Resources */,
			);
			buildRules = (
			);
			dependencies = (
			);
			name = BuDeJie;
			productName = BuDeJie;
			productReference = D1E4D70F21D657F600309E5E /* BuDeJie.app */;
			productType = "com.apple.product-type.application";
		};
		D1E4D72621D657F800309E5E /* BuDeJieTests */ = {
			isa = PBXNativeTarget;
			buildConfigurationList = D1E4D73E21D657F800309E5E /* Build configuration list for PBXNativeTarget "BuDeJieTests" */;
			buildPhases = (
				D1E4D72321D657F800309E5E /* Sources */,
				D1E4D72421D657F800309E5E /* Frameworks */,
				D1E4D72521D657F800309E5E /* Resources */,
			);
			buildRules = (
			);
			dependencies = (
				D1E4D72921D657F800309E5E /* PBXTargetDependency */,
			);
			name = BuDeJieTests;
			productName = BuDeJieTests;
			productReference = D1E4D72721D657F800309E5E /* BuDeJieTests.xctest */;
			productType = "com.apple.product-type.bundle.unit-test";
		};
		D1E4D73121D657F800309E5E /* BuDeJieUITests */ = {
			isa = PBXNativeTarget;
			buildConfigurationList = D1E4D74121D657F800309E5E /* Build configuration list for PBXNativeTarget "BuDeJieUITests" */;
			buildPhases = (
				D1E4D72E21D657F800309E5E /* Sources */,
				D1E4D72F21D657F800309E5E /* Frameworks */,
				D1E4D73021D657F800309E5E /* Resources */,
			);
			buildRules = (
			);
			dependencies = (
				D1E4D73421D657F800309E5E /* PBXTargetDependency */,
			);
			name = BuDeJieUITests;
			productName = BuDeJieUITests;
			productReference = D1E4D73221D657F800309E5E /* BuDeJieUITests.xctest */;
			productType = "com.apple.product-type.bundle.ui-testing";
		};
/* End PBXNativeTarget section */

/* Begin PBXProject section */
		D1E4D70721D657F600309E5E /* Project object */ = {
			isa = PBXProject;
			attributes = {
				CLASSPREFIX = LC;
				LastUpgradeCheck = 0940;
				ORGANIZATIONNAME = LongMac;
				TargetAttributes = {
					D1E4D70E21D657F600309E5E = {
						CreatedOnToolsVersion = 9.4.1;
					};
					D1E4D72621D657F800309E5E = {
						CreatedOnToolsVersion = 9.4.1;
						TestTargetID = D1E4D70E21D657F600309E5E;
					};
					D1E4D73121D657F800309E5E = {
						CreatedOnToolsVersion = 9.4.1;
						TestTargetID = D1E4D70E21D657F600309E5E;
					};
				};
			};
			buildConfigurationList = D1E4D70A21D657F600309E5E /* Build configuration list for PBXProject "BuDeJie" */;
			compatibilityVersion = "Xcode 9.3";
			developmentRegion = en;
			hasScannedForEncodings = 0;
			knownRegions = (
				en,
				Base,
			);
			mainGroup = D1E4D70621D657F600309E5E;
			productRefGroup = D1E4D71021D657F600309E5E /* Products */;
			projectDirPath = "";
			projectRoot = "";
			targets = (
				D1E4D70E21D657F600309E5E /* BuDeJie */,
				D1E4D72621D657F800309E5E /* BuDeJieTests */,
				D1E4D73121D657F800309E5E /* BuDeJieUITests */,
			);
		};
/* End PBXProject section */

/* Begin PBXResourcesBuildPhase section */
		D1E4D70D21D657F600309E5E /* Resources */ = {
			isa = PBXResourcesBuildPhase;
			buildActionMask = 2147483647;
			files = (
				D1E4D71F21D657F800309E5E /* LaunchScreen.storyboard in Resources */,
				D1E4D71C21D657F800309E5E /* Assets.xcassets in Resources */,
				D1E4D71A21D657F600309E5E /* Main.storyboard in Resources */,
			);
			runOnlyForDeploymentPostprocessing = 0;
		};
		D1E4D72521D657F800309E5E /* Resources */ = {
			isa = PBXResourcesBuildPhase;
			buildActionMask = 2147483647;
			files = (
			);
			runOnlyForDeploymentPostprocessing = 0;
		};
		D1E4D73021D657F800309E5E /* Resources */ = {
			isa = PBXResourcesBuildPhase;
			buildActionMask = 2147483647;
			files = (
			);
			runOnlyForDeploymentPostprocessing = 0;
		};
/* End PBXResourcesBuildPhase section */

/* Begin PBXSourcesBuildPhase section */
		D1E4D70B21D657F600309E5E /* Sources */ = {
			isa = PBXSourcesBuildPhase;
			buildActionMask = 2147483647;
			files = (
				D1E4D76821D6728400309E5E /* LCNewViewController.m in Sources */,
				D1E4D79F21E2208E00309E5E /* UIBarButtonItem+Item.m in Sources */,
				D1E4D72221D657F800309E5E /* main.m in Sources */,
				D1E4D79821E1B39400309E5E /* LCTabBar.m in Sources */,
				D1E4D75C21D6714C00309E5E /* LCEssenceViewController.m in Sources */,
				D1E4D77921D8762700309E5E /* UIImage+Image.m in Sources */,
				D1E4D71421D657F600309E5E /* AppDelegate.m in Sources */,
				D1E4D76521D6727600309E5E /* LCPublishViewController.m in Sources */,
				D1E4D76221D6726800309E5E /* LCFriendTrendViewController.m in Sources */,
				D1E4D77221D8680100309E5E /* LCTabBarController.m in Sources */,
				D1E4D76B21D6729F00309E5E /* LCMeViewController.m in Sources */,
				D1E4D79B21E1F3D200309E5E /* UIView+Frame.m in Sources */,
			);
			runOnlyForDeploymentPostprocessing = 0;
		};
		D1E4D72321D657F800309E5E /* Sources */ = {
			isa = PBXSourcesBuildPhase;
			buildActionMask = 2147483647;
			files = (
				D1E4D72C21D657F800309E5E /* BuDeJieTests.m in Sources */,
			);
			runOnlyForDeploymentPostprocessing = 0;
		};
		D1E4D72E21D657F800309E5E /* Sources */ = {
			isa = PBXSourcesBuildPhase;
			buildActionMask = 2147483647;
			files = (
				D1E4D73721D657F800309E5E /* BuDeJieUITests.m in Sources */,
			);
			runOnlyForDeploymentPostprocessing = 0;
		};
/* End PBXSourcesBuildPhase section */

/* Begin PBXTargetDependency section */
		D1E4D72921D657F800309E5E /* PBXTargetDependency */ = {
			isa = PBXTargetDependency;
			target = D1E4D70E21D657F600309E5E /* BuDeJie */;
			targetProxy = D1E4D72821D657F800309E5E /* PBXContainerItemProxy */;
		};
		D1E4D73421D657F800309E5E /* PBXTargetDependency */ = {
			isa = PBXTargetDependency;
			target = D1E4D70E21D657F600309E5E /* BuDeJie */;
			targetProxy = D1E4D73321D657F800309E5E /* PBXContainerItemProxy */;
		};
/* End PBXTargetDependency section */

/* Begin PBXVariantGroup section */
		D1E4D71821D657F600309E5E /* Main.storyboard */ = {
			isa = PBXVariantGroup;
			children = (
				D1E4D71921D657F600309E5E /* Base */,
			);
			name = Main.storyboard;
			sourceTree = "<group>";
		};
		D1E4D71D21D657F800309E5E /* LaunchScreen.storyboard */ = {
			isa = PBXVariantGroup;
			children = (
				D1E4D71E21D657F800309E5E /* Base */,
			);
			name = LaunchScreen.storyboard;
			sourceTree = "<group>";
		};
/* End PBXVariantGroup section */

/* Begin XCBuildConfiguration section */
		D1E4D73921D657F800309E5E /* Debug */ = {
			isa = XCBuildConfiguration;
			buildSettings = {
				ALWAYS_SEARCH_USER_PATHS = NO;
				CLANG_ANALYZER_NONNULL = YES;
				CLANG_ANALYZER_NUMBER_OBJECT_CONVERSION = YES_AGGRESSIVE;
				CLANG_CXX_LANGUAGE_STANDARD = "gnu++14";
				CLANG_CXX_LIBRARY = "libc++";
				CLANG_ENABLE_MODULES = YES;
				CLANG_ENABLE_OBJC_ARC = YES;
				CLANG_ENABLE_OBJC_WEAK = YES;
				CLANG_WARN_BLOCK_CAPTURE_AUTORELEASING = YES;
				CLANG_WARN_BOOL_CONVERSION = YES;
				CLANG_WARN_COMMA = YES;
				CLANG_WARN_CONSTANT_CONVERSION = YES;
				CLANG_WARN_DEPRECATED_OBJC_IMPLEMENTATIONS = YES;
				CLANG_WARN_DIRECT_OBJC_ISA_USAGE = YES_ERROR;
				CLANG_WARN_DOCUMENTATION_COMMENTS = YES;
				CLANG_WARN_EMPTY_BODY = YES;
				CLANG_WARN_ENUM_CONVERSION = YES;
				CLANG_WARN_INFINITE_RECURSION = YES;
				CLANG_WARN_INT_CONVERSION = YES;
				CLANG_WARN_NON_LITERAL_NULL_CONVERSION = YES;
				CLANG_WARN_OBJC_IMPLICIT_RETAIN_SELF = YES;
				CLANG_WARN_OBJC_LITERAL_CONVERSION = YES;
				CLANG_WARN_OBJC_ROOT_CLASS = YES_ERROR;
				CLANG_WARN_RANGE_LOOP_ANALYSIS = YES;
				CLANG_WARN_STRICT_PROTOTYPES = YES;
				CLANG_WARN_SUSPICIOUS_MOVE = YES;
				CLANG_WARN_UNGUARDED_AVAILABILITY = YES_AGGRESSIVE;
				CLANG_WARN_UNREACHABLE_CODE = YES;
				CLANG_WARN__DUPLICATE_METHOD_MATCH = YES;
				CODE_SIGN_IDENTITY = "iPhone Developer";
				COPY_PHASE_STRIP = NO;
				DEBUG_INFORMATION_FORMAT = dwarf;
				ENABLE_STRICT_OBJC_MSGSEND = YES;
				ENABLE_TESTABILITY = YES;
				GCC_C_LANGUAGE_STANDARD = gnu11;
				GCC_DYNAMIC_NO_PIC = NO;
				GCC_NO_COMMON_BLOCKS = YES;
				GCC_OPTIMIZATION_LEVEL = 0;
				GCC_PREPROCESSOR_DEFINITIONS = (
					"DEBUG=1",
					"$(inherited)",
				);
				GCC_WARN_64_TO_32_BIT_CONVERSION = YES;
				GCC_WARN_ABOUT_RETURN_TYPE = YES_ERROR;
				GCC_WARN_UNDECLARED_SELECTOR = YES;
				GCC_WARN_UNINITIALIZED_AUTOS = YES_AGGRESSIVE;
				GCC_WARN_UNUSED_FUNCTION = YES;
				GCC_WARN_UNUSED_VARIABLE = YES;
				IPHONEOS_DEPLOYMENT_TARGET = 11.4;
				MTL_ENABLE_DEBUG_INFO = YES;
				ONLY_ACTIVE_ARCH = YES;
				SDKROOT = iphoneos;
			};
			name = Debug;
		};
		D1E4D73A21D657F800309E5E /* Release */ = {
			isa = XCBuildConfiguration;
			buildSettings = {
				ALWAYS_SEARCH_USER_PATHS = NO;
				CLANG_ANALYZER_NONNULL = YES;
				CLANG_ANALYZER_NUMBER_OBJECT_CONVERSION = YES_AGGRESSIVE;
				CLANG_CXX_LANGUAGE_STANDARD = "gnu++14";
				CLANG_CXX_LIBRARY = "libc++";
				CLANG_ENABLE_MODULES = YES;
				CLANG_ENABLE_OBJC_ARC = YES;
				CLANG_ENABLE_OBJC_WEAK = YES;
				CLANG_WARN_BLOCK_CAPTURE_AUTORELEASING = YES;
				CLANG_WARN_BOOL_CONVERSION = YES;
				CLANG_WARN_COMMA = YES;
				CLANG_WARN_CONSTANT_CONVERSION = YES;
				CLANG_WARN_DEPRECATED_OBJC_IMPLEMENTATIONS = YES;
				CLANG_WARN_DIRECT_OBJC_ISA_USAGE = YES_ERROR;
				CLANG_WARN_DOCUMENTATION_COMMENTS = YES;
				CLANG_WARN_EMPTY_BODY = YES;
				CLANG_WARN_ENUM_CONVERSION = YES;
				CLANG_WARN_INFINITE_RECURSION = YES;
				CLANG_WARN_INT_CONVERSION = YES;
				CLANG_WARN_NON_LITERAL_NULL_CONVERSION = YES;
				CLANG_WARN_OBJC_IMPLICIT_RETAIN_SELF = YES;
				CLANG_WARN_OBJC_LITERAL_CONVERSION = YES;
				CLANG_WARN_OBJC_ROOT_CLASS = YES_ERROR;
				CLANG_WARN_RANGE_LOOP_ANALYSIS = YES;
				CLANG_WARN_STRICT_PROTOTYPES = YES;
				CLANG_WARN_SUSPICIOUS_MOVE = YES;
				CLANG_WARN_UNGUARDED_AVAILABILITY = YES_AGGRESSIVE;
				CLANG_WARN_UNREACHABLE_CODE = YES;
				CLANG_WARN__DUPLICATE_METHOD_MATCH = YES;
				CODE_SIGN_IDENTITY = "iPhone Developer";
				COPY_PHASE_STRIP = NO;
				DEBUG_INFORMATION_FORMAT = "dwarf-with-dsym";
				ENABLE_NS_ASSERTIONS = NO;
				ENABLE_STRICT_OBJC_MSGSEND = YES;
				GCC_C_LANGUAGE_STANDARD = gnu11;
				GCC_NO_COMMON_BLOCKS = YES;
				GCC_WARN_64_TO_32_BIT_CONVERSION = YES;
				GCC_WARN_ABOUT_RETURN_TYPE = YES_ERROR;
				GCC_WARN_UNDECLARED_SELECTOR = YES;
				GCC_WARN_UNINITIALIZED_AUTOS = YES_AGGRESSIVE;
				GCC_WARN_UNUSED_FUNCTION = YES;
				GCC_WARN_UNUSED_VARIABLE = YES;
				IPHONEOS_DEPLOYMENT_TARGET = 11.4;
				MTL_ENABLE_DEBUG_INFO = NO;
				SDKROOT = iphoneos;
				VALIDATE_PRODUCT = YES;
			};
			name = Release;
		};
		D1E4D73C21D657F800309E5E /* Debug */ = {
			isa = XCBuildConfiguration;
			buildSettings = {
				ASSETCATALOG_COMPILER_APPICON_NAME = AppIcon;
				CODE_SIGN_STYLE = Automatic;
				DEVELOPMENT_TEAM = U6M3H59V7X;
				GCC_PREFIX_HEADER = "BuDeJie/Classes/Other/BuDeJie-PrefixHeader.pch";
				INFOPLIST_FILE = BuDeJie/Info.plist;
				IPHONEOS_DEPLOYMENT_TARGET = 9.0;
				LD_RUNPATH_SEARCH_PATHS = (
					"$(inherited)",
					"@executable_path/Frameworks",
				);
				PRODUCT_BUNDLE_IDENTIFIER = long.BuDeJie;
				PRODUCT_NAME = "$(TARGET_NAME)";
				TARGETED_DEVICE_FAMILY = "1,2";
			};
			name = Debug;
		};
		D1E4D73D21D657F800309E5E /* Release */ = {
			isa = XCBuildConfiguration;
			buildSettings = {
				ASSETCATALOG_COMPILER_APPICON_NAME = AppIcon;
				CODE_SIGN_STYLE = Automatic;
				DEVELOPMENT_TEAM = U6M3H59V7X;
				GCC_PREFIX_HEADER = "BuDeJie/Classes/Other/BuDeJie-PrefixHeader.pch";
				INFOPLIST_FILE = BuDeJie/Info.plist;
				IPHONEOS_DEPLOYMENT_TARGET = 9.0;
				LD_RUNPATH_SEARCH_PATHS = (
					"$(inherited)",
					"@executable_path/Frameworks",
				);
				PRODUCT_BUNDLE_IDENTIFIER = long.BuDeJie;
				PRODUCT_NAME = "$(TARGET_NAME)";
				TARGETED_DEVICE_FAMILY = "1,2";
			};
			name = Release;
		};
		D1E4D73F21D657F800309E5E /* Debug */ = {
			isa = XCBuildConfiguration;
			buildSettings = {
				BUNDLE_LOADER = "$(TEST_HOST)";
				CODE_SIGN_STYLE = Automatic;
				DEVELOPMENT_TEAM = U6M3H59V7X;
				INFOPLIST_FILE = BuDeJieTests/Info.plist;
				LD_RUNPATH_SEARCH_PATHS = (
					"$(inherited)",
					"@executable_path/Frameworks",
					"@loader_path/Frameworks",
				);
				PRODUCT_BUNDLE_IDENTIFIER = long.BuDeJieTests;
				PRODUCT_NAME = "$(TARGET_NAME)";
				TARGETED_DEVICE_FAMILY = "1,2";
				TEST_HOST = "$(BUILT_PRODUCTS_DIR)/BuDeJie.app/BuDeJie";
			};
			name = Debug;
		};
		D1E4D74021D657F800309E5E /* Release */ = {
			isa = XCBuildConfiguration;
			buildSettings = {
				BUNDLE_LOADER = "$(TEST_HOST)";
				CODE_SIGN_STYLE = Automatic;
				DEVELOPMENT_TEAM = U6M3H59V7X;
				INFOPLIST_FILE = BuDeJieTests/Info.plist;
				LD_RUNPATH_SEARCH_PATHS = (
					"$(inherited)",
					"@executable_path/Frameworks",
					"@loader_path/Frameworks",
				);
				PRODUCT_BUNDLE_IDENTIFIER = long.BuDeJieTests;
				PRODUCT_NAME = "$(TARGET_NAME)";
				TARGETED_DEVICE_FAMILY = "1,2";
				TEST_HOST = "$(BUILT_PRODUCTS_DIR)/BuDeJie.app/BuDeJie";
			};
			name = Release;
		};
		D1E4D74221D657F800309E5E /* Debug */ = {
			isa = XCBuildConfiguration;
			buildSettings = {
				CODE_SIGN_STYLE = Automatic;
				DEVELOPMENT_TEAM = U6M3H59V7X;
				INFOPLIST_FILE = BuDeJieUITests/Info.plist;
				LD_RUNPATH_SEARCH_PATHS = (
					"$(inherited)",
					"@executable_path/Frameworks",
					"@loader_path/Frameworks",
				);
				PRODUCT_BUNDLE_IDENTIFIER = long.BuDeJieUITests;
				PRODUCT_NAME = "$(TARGET_NAME)";
				TARGETED_DEVICE_FAMILY = "1,2";
				TEST_TARGET_NAME = BuDeJie;
			};
			name = Debug;
		};
		D1E4D74321D657F800309E5E /* Release */ = {
			isa = XCBuildConfiguration;
			buildSettings = {
				CODE_SIGN_STYLE = Automatic;
				DEVELOPMENT_TEAM = U6M3H59V7X;
				INFOPLIST_FILE = BuDeJieUITests/Info.plist;
				LD_RUNPATH_SEARCH_PATHS = (
					"$(inherited)",
					"@executable_path/Frameworks",
					"@loader_path/Frameworks",
				);
				PRODUCT_BUNDLE_IDENTIFIER = long.BuDeJieUITests;
				PRODUCT_NAME = "$(TARGET_NAME)";
				TARGETED_DEVICE_FAMILY = "1,2";
				TEST_TARGET_NAME = BuDeJie;
			};
			name = Release;
		};
/* End XCBuildConfiguration section */

/* Begin XCConfigurationList section */
		D1E4D70A21D657F600309E5E /* Build configuration list for PBXProject "BuDeJie" */ = {
			isa = XCConfigurationList;
			buildConfigurations = (
				D1E4D73921D657F800309E5E /* Debug */,
				D1E4D73A21D657F800309E5E /* Release */,
			);
			defaultConfigurationIsVisible = 0;
			defaultConfigurationName = Release;
		};
		D1E4D73B21D657F800309E5E /* Build configuration list for PBXNativeTarget "BuDeJie" */ = {
			isa = XCConfigurationList;
			buildConfigurations = (
				D1E4D73C21D657F800309E5E /* Debug */,
				D1E4D73D21D657F800309E5E /* Release */,
			);
			defaultConfigurationIsVisible = 0;
			defaultConfigurationName = Release;
		};
		D1E4D73E21D657F800309E5E /* Build configuration list for PBXNativeTarget "BuDeJieTests" */ = {
			isa = XCConfigurationList;
			buildConfigurations = (
				D1E4D73F21D657F800309E5E /* Debug */,
				D1E4D74021D657F800309E5E /* Release */,
			);
			defaultConfigurationIsVisible = 0;
			defaultConfigurationName = Release;
		};
		D1E4D74121D657F800309E5E /* Build configuration list for PBXNativeTarget "BuDeJieUITests" */ = {
			isa = XCConfigurationList;
			buildConfigurations = (
				D1E4D74221D657F800309E5E /* Debug */,
				D1E4D74321D657F800309E5E /* Release */,
			);
			defaultConfigurationIsVisible = 0;
			defaultConfigurationName = Release;
		};
/* End XCConfigurationList section */
	};
	rootObject = D1E4D70721D657F600309E5E /* Project object */;
}
